
Microsoft Visual Studio Solution File, Format Version 9.00
# Visual Studio 2005
Project("{FAE04EC0-301F-11D3-BF4B-00C04F79EFBC}") = "Framework", "App\Framework\Framework.csproj", "{54F7A9DF-CA9C-42FD-A37E-614DB51C2AC0}"
	ProjectSection(WebsiteProperties) = preProject
		Debug.AspNetCompiler.Debug = "True"
		Release.AspNetCompiler.Debug = "False"
	EndProjectSection
EndProject
Project("{FAE04EC0-301F-11D3-BF4B-00C04F79EFBC}") = "Prerit.Com.Web", "App\Prerit.Com.Web\Prerit.Com.Web.csproj", "{D476930D-0CE3-445D-B90B-B1ACA876DD2C}"
	ProjectSection(WebsiteProperties) = preProject
		Debug.AspNetCompiler.Debug = "True"
		Release.AspNetCompiler.Debug = "False"
	EndProjectSection
EndProject
Project("{E24C65DC-7377-472B-9ABA-BC803B73C61A}") = "D:\...\Prerit.Com.Web.UI\", "App\Prerit.Com.Web.UI", "{DEE1A9F3-912A-41ED-AC0D-B0D845D7ED8D}"
	ProjectSection(WebsiteProperties) = preProject
		ProjectReferences = "{54F7A9DF-CA9C-42FD-A37E-614DB51C2AC0}|Framework.dll;{D476930D-0CE3-445D-B90B-B1ACA876DD2C}|Prerit.Com.Web.dll;"
		Debug.AspNetCompiler.VirtualPath = "/Build"
		Debug.AspNetCompiler.PhysicalPath = "App\Prerit.Com.Web.UI\"
		Debug.AspNetCompiler.TargetPath = "Build\"
		Debug.AspNetCompiler.Updateable = "true"
		Debug.AspNetCompiler.ForceOverwrite = "true"
		Debug.AspNetCompiler.FixedNames = "false"
		Debug.AspNetCompiler.Debug = "True"
		Release.AspNetCompiler.VirtualPath = "/Build"
		Release.AspNetCompiler.PhysicalPath = "App\Prerit.Com.Web.UI\"
		Release.AspNetCompiler.TargetPath = "Build\"
		Release.AspNetCompiler.Updateable = "true"
		Release.AspNetCompiler.ForceOverwrite = "true"
		Release.AspNetCompiler.FixedNames = "false"
		Release.AspNetCompiler.Debug = "False"
		VWDPort = "1532"
	EndProjectSection
EndProject
Project("{2CFEAB61-6A3B-4EB8-B523-560B4BEEF521}") = "Prerit.Com.Web.UI.Deployment", "App\Prerit.Com.Web.UI.Deployment\Prerit.Com.Web.UI.Deployment.wdproj", "{A4CEF74C-9CAC-4ECE-B9CE-01C617C169F7}"
	ProjectSection(WebsiteProperties) = preProject
		Debug.AspNetCompiler.Debug = "True"
		Release.AspNetCompiler.Debug = "False"
	EndProjectSection
EndProject
Global
	GlobalSection(SolutionConfigurationPlatforms) = preSolution
		Debug|.NET = Debug|.NET
		Debug|Any CPU = Debug|Any CPU
		Debug|Mixed Platforms = Debug|Mixed Platforms
		Release|.NET = Release|.NET
		Release|Any CPU = Release|Any CPU
		Release|Mixed Platforms = Release|Mixed Platforms
	EndGlobalSection
	GlobalSection(ProjectConfigurationPlatforms) = postSolution
		{54F7A9DF-CA9C-42FD-A37E-614DB51C2AC0}.Debug|.NET.ActiveCfg = Debug|Any CPU
		{54F7A9DF-CA9C-42FD-A37E-614DB51C2AC0}.Debug|Any CPU.ActiveCfg = Debug|Any CPU
		{54F7A9DF-CA9C-42FD-A37E-614DB51C2AC0}.Debug|Any CPU.Build.0 = Debug|Any CPU
		{54F7A9DF-CA9C-42FD-A37E-614DB51C2AC0}.Debug|Mixed Platforms.ActiveCfg = Debug|Any CPU
		{54F7A9DF-CA9C-42FD-A37E-614DB51C2AC0}.Debug|Mixed Platforms.Build.0 = Debug|Any CPU
		{54F7A9DF-CA9C-42FD-A37E-614DB51C2AC0}.Release|.NET.ActiveCfg = Release|Any CPU
		{54F7A9DF-CA9C-42FD-A37E-614DB51C2AC0}.Release|Any CPU.ActiveCfg = Release|Any CPU
		{54F7A9DF-CA9C-42FD-A37E-614DB51C2AC0}.Release|Any CPU.Build.0 = Release|Any CPU
		{54F7A9DF-CA9C-42FD-A37E-614DB51C2AC0}.Release|Mixed Platforms.ActiveCfg = Release|Any CPU
		{54F7A9DF-CA9C-42FD-A37E-614DB51C2AC0}.Release|Mixed Platforms.Build.0 = Release|Any CPU
		{D476930D-0CE3-445D-B90B-B1ACA876DD2C}.Debug|.NET.ActiveCfg = Debug|Any CPU
		{D476930D-0CE3-445D-B90B-B1ACA876DD2C}.Debug|Any CPU.ActiveCfg = Debug|Any CPU
		{D476930D-0CE3-445D-B90B-B1ACA876DD2C}.Debug|Any CPU.Build.0 = Debug|Any CPU
		{D476930D-0CE3-445D-B90B-B1ACA876DD2C}.Debug|Mixed Platforms.ActiveCfg = Debug|Any CPU
		{D476930D-0CE3-445D-B90B-B1ACA876DD2C}.Debug|Mixed Platforms.Build.0 = Debug|Any CPU
		{D476930D-0CE3-445D-B90B-B1ACA876DD2C}.Release|.NET.ActiveCfg = Release|Any CPU
		{D476930D-0CE3-445D-B90B-B1ACA876DD2C}.Release|Any CPU.ActiveCfg = Release|Any CPU
		{D476930D-0CE3-445D-B90B-B1ACA876DD2C}.Release|Any CPU.Build.0 = Release|Any CPU
		{D476930D-0CE3-445D-B90B-B1ACA876DD2C}.Release|Mixed Platforms.ActiveCfg = Release|Any CPU
		{D476930D-0CE3-445D-B90B-B1ACA876DD2C}.Release|Mixed Platforms.Build.0 = Release|Any CPU
		{DEE1A9F3-912A-41ED-AC0D-B0D845D7ED8D}.Debug|.NET.ActiveCfg = Debug|.NET
		{DEE1A9F3-912A-41ED-AC0D-B0D845D7ED8D}.Debug|.NET.Build.0 = Debug|.NET
		{DEE1A9F3-912A-41ED-AC0D-B0D845D7ED8D}.Debug|Any CPU.ActiveCfg = Debug|.NET
		{DEE1A9F3-912A-41ED-AC0D-B0D845D7ED8D}.Debug|Mixed Platforms.ActiveCfg = Debug|.NET
		{DEE1A9F3-912A-41ED-AC0D-B0D845D7ED8D}.Debug|Mixed Platforms.Build.0 = Debug|.NET
		{DEE1A9F3-912A-41ED-AC0D-B0D845D7ED8D}.Release|.NET.ActiveCfg = Debug|.NET
		{DEE1A9F3-912A-41ED-AC0D-B0D845D7ED8D}.Release|.NET.Build.0 = Debug|.NET
		{DEE1A9F3-912A-41ED-AC0D-B0D845D7ED8D}.Release|Any CPU.ActiveCfg = Debug|.NET
		{DEE1A9F3-912A-41ED-AC0D-B0D845D7ED8D}.Release|Mixed Platforms.ActiveCfg = Debug|.NET
		{A4CEF74C-9CAC-4ECE-B9CE-01C617C169F7}.Debug|.NET.ActiveCfg = Debug|Any CPU
		{A4CEF74C-9CAC-4ECE-B9CE-01C617C169F7}.Debug|Any CPU.ActiveCfg = Debug|Any CPU
		{A4CEF74C-9CAC-4ECE-B9CE-01C617C169F7}.Debug|Any CPU.Build.0 = Debug|Any CPU
		{A4CEF74C-9CAC-4ECE-B9CE-01C617C169F7}.Debug|Mixed Platforms.ActiveCfg = Debug|Any CPU
		{A4CEF74C-9CAC-4ECE-B9CE-01C617C169F7}.Release|.NET.ActiveCfg = Release|Any CPU
		{A4CEF74C-9CAC-4ECE-B9CE-01C617C169F7}.Release|Any CPU.ActiveCfg = Release|Any CPU
		{A4CEF74C-9CAC-4ECE-B9CE-01C617C169F7}.Release|Any CPU.Build.0 = Release|Any CPU
		{A4CEF74C-9CAC-4ECE-B9CE-01C617C169F7}.Release|Mixed Platforms.ActiveCfg = Release|Any CPU
		{A4CEF74C-9CAC-4ECE-B9CE-01C617C169F7}.Release|Mixed Platforms.Build.0 = Release|Any CPU
	EndGlobalSection
	GlobalSection(SolutionProperties) = preSolution
		HideSolutionNode = FALSE
	EndGlobalSection
EndGlobal
