
Microsoft Visual Studio Solution File, Format Version 10.00
# Visual Studio 2008
Project("{FAE04EC0-301F-11D3-BF4B-00C04F79EFBC}") = "Com.Prerit.Web", "Com.Prerit.Web\Com.Prerit.Web.csproj", "{6E00A3AB-6238-47E6-8765-707327A7B4EA}"
EndProject
Project("{E24C65DC-7377-472B-9ABA-BC803B73C61A}") = "Com.Prerit.Web.UI", "Com.Prerit.Web.UI", "{AB3D47EE-2DD3-4343-8BDC-BA6969FC6C74}"
	ProjectSection(WebsiteProperties) = preProject
		TargetFramework = "3.5"
		ProjectReferences = "{6E00A3AB-6238-47E6-8765-707327A7B4EA}|Com.Prerit.Web.dll;"
		Debug.AspNetCompiler.VirtualPath = "/Com.Prerit.Web.UI"
		Debug.AspNetCompiler.PhysicalPath = "Com.Prerit.Web.UI\"
		Debug.AspNetCompiler.TargetPath = "PrecompiledWeb\Com.Prerit.Web.UI\"
		Debug.AspNetCompiler.Updateable = "true"
		Debug.AspNetCompiler.ForceOverwrite = "true"
		Debug.AspNetCompiler.FixedNames = "false"
		Debug.AspNetCompiler.Debug = "True"
		Release.AspNetCompiler.VirtualPath = "/Com.Prerit.Web.UI"
		Release.AspNetCompiler.PhysicalPath = "Com.Prerit.Web.UI\"
		Release.AspNetCompiler.TargetPath = "PrecompiledWeb\Com.Prerit.Web.UI\"
		Release.AspNetCompiler.Updateable = "true"
		Release.AspNetCompiler.ForceOverwrite = "true"
		Release.AspNetCompiler.FixedNames = "false"
		Release.AspNetCompiler.Debug = "False"
		VWDPort = "3357"
		DefaultWebSiteLanguage = "Visual C#"
	EndProjectSection
EndProject
Project("{2CFEAB61-6A3B-4EB8-B523-560B4BEEF521}") = "Com.Prerit.Web.UI.Deployment", "Com.Prerit.Web.UI.Deployment\Com.Prerit.Web.UI.Deployment.wdproj", "{DE2526A5-EDCF-4579-8AE5-BE61C399A543}"
EndProject
Project("{2150E333-8FDC-42A3-9474-1A3956D46DE8}") = "Com.Prerit.Web namespace", "Com.Prerit.Web namespace", "{F107BE01-4C79-478E-9339-BF8D7FF10AC7}"
EndProject
Project("{2150E333-8FDC-42A3-9474-1A3956D46DE8}") = "Com.Prerit.Web.UI namespace", "Com.Prerit.Web.UI namespace", "{11696AB3-9C27-40E7-BB3B-50FD20287984}"
EndProject
Project("{2150E333-8FDC-42A3-9474-1A3956D46DE8}") = "Com.Prerit.Database", "Com.Prerit.Database", "{5D2BB618-9DB6-4114-A421-9F710D40F7CE}"
EndProject
Project("{4F174C21-8C12-11D0-8340-0000F80270F8}") = "Com.Prerit.Database", "Com.Prerit.Database\Com.Prerit.Database.dbp", "{E0ED6598-C062-40A6-B523-7BD5666AB3ED}"
EndProject
Global
	GlobalSection(SolutionConfigurationPlatforms) = preSolution
		Debug|.NET = Debug|.NET
		Debug|Any CPU = Debug|Any CPU
		Debug|Mixed Platforms = Debug|Mixed Platforms
		Release|.NET = Release|.NET
		Release|Any CPU = Release|Any CPU
		Release|Mixed Platforms = Release|Mixed Platforms
	EndGlobalSection
	GlobalSection(ProjectConfigurationPlatforms) = postSolution
		{6E00A3AB-6238-47E6-8765-707327A7B4EA}.Debug|.NET.ActiveCfg = Debug|Any CPU
		{6E00A3AB-6238-47E6-8765-707327A7B4EA}.Debug|Any CPU.ActiveCfg = Debug|Any CPU
		{6E00A3AB-6238-47E6-8765-707327A7B4EA}.Debug|Any CPU.Build.0 = Debug|Any CPU
		{6E00A3AB-6238-47E6-8765-707327A7B4EA}.Debug|Mixed Platforms.ActiveCfg = Debug|Any CPU
		{6E00A3AB-6238-47E6-8765-707327A7B4EA}.Debug|Mixed Platforms.Build.0 = Debug|Any CPU
		{6E00A3AB-6238-47E6-8765-707327A7B4EA}.Release|.NET.ActiveCfg = Release|Any CPU
		{6E00A3AB-6238-47E6-8765-707327A7B4EA}.Release|Any CPU.ActiveCfg = Release|Any CPU
		{6E00A3AB-6238-47E6-8765-707327A7B4EA}.Release|Any CPU.Build.0 = Release|Any CPU
		{6E00A3AB-6238-47E6-8765-707327A7B4EA}.Release|Mixed Platforms.ActiveCfg = Release|Any CPU
		{6E00A3AB-6238-47E6-8765-707327A7B4EA}.Release|Mixed Platforms.Build.0 = Release|Any CPU
		{AB3D47EE-2DD3-4343-8BDC-BA6969FC6C74}.Debug|.NET.ActiveCfg = Debug|.NET
		{AB3D47EE-2DD3-4343-8BDC-BA6969FC6C74}.Debug|.NET.Build.0 = Debug|.NET
		{AB3D47EE-2DD3-4343-8BDC-BA6969FC6C74}.Debug|Any CPU.ActiveCfg = Debug|.NET
		{AB3D47EE-2DD3-4343-8BDC-BA6969FC6C74}.Debug|Mixed Platforms.ActiveCfg = Debug|.NET
		{AB3D47EE-2DD3-4343-8BDC-BA6969FC6C74}.Debug|Mixed Platforms.Build.0 = Debug|.NET
		{AB3D47EE-2DD3-4343-8BDC-BA6969FC6C74}.Release|.NET.ActiveCfg = Debug|.NET
		{AB3D47EE-2DD3-4343-8BDC-BA6969FC6C74}.Release|.NET.Build.0 = Debug|.NET
		{AB3D47EE-2DD3-4343-8BDC-BA6969FC6C74}.Release|Any CPU.ActiveCfg = Debug|.NET
		{AB3D47EE-2DD3-4343-8BDC-BA6969FC6C74}.Release|Mixed Platforms.ActiveCfg = Debug|.NET
		{AB3D47EE-2DD3-4343-8BDC-BA6969FC6C74}.Release|Mixed Platforms.Build.0 = Debug|.NET
		{DE2526A5-EDCF-4579-8AE5-BE61C399A543}.Debug|.NET.ActiveCfg = Debug|Any CPU
		{DE2526A5-EDCF-4579-8AE5-BE61C399A543}.Debug|Any CPU.ActiveCfg = Debug|Any CPU
		{DE2526A5-EDCF-4579-8AE5-BE61C399A543}.Debug|Any CPU.Build.0 = Debug|Any CPU
		{DE2526A5-EDCF-4579-8AE5-BE61C399A543}.Debug|Mixed Platforms.ActiveCfg = Debug|Any CPU
		{DE2526A5-EDCF-4579-8AE5-BE61C399A543}.Release|.NET.ActiveCfg = Release|Any CPU
		{DE2526A5-EDCF-4579-8AE5-BE61C399A543}.Release|Any CPU.ActiveCfg = Release|Any CPU
		{DE2526A5-EDCF-4579-8AE5-BE61C399A543}.Release|Any CPU.Build.0 = Release|Any CPU
		{DE2526A5-EDCF-4579-8AE5-BE61C399A543}.Release|Mixed Platforms.ActiveCfg = Release|Any CPU
	EndGlobalSection
	GlobalSection(SolutionProperties) = preSolution
		HideSolutionNode = FALSE
	EndGlobalSection
	GlobalSection(NestedProjects) = preSolution
		{6E00A3AB-6238-47E6-8765-707327A7B4EA} = {F107BE01-4C79-478E-9339-BF8D7FF10AC7}
		{DE2526A5-EDCF-4579-8AE5-BE61C399A543} = {11696AB3-9C27-40E7-BB3B-50FD20287984}
		{AB3D47EE-2DD3-4343-8BDC-BA6969FC6C74} = {11696AB3-9C27-40E7-BB3B-50FD20287984}
		{E0ED6598-C062-40A6-B523-7BD5666AB3ED} = {5D2BB618-9DB6-4114-A421-9F710D40F7CE}
	EndGlobalSection
EndGlobal
