
Microsoft Visual Studio Solution File, Format Version 10.00
# Visual Studio 2008
Project("{FAE04EC0-301F-11D3-BF4B-00C04F79EFBC}") = "Com.Prerit.Web", "Com.Prerit.Web\Com.Prerit.Web.csproj", "{6E00A3AB-6238-47E6-8765-707327A7B4EA}"
EndProject
Project("{2150E333-8FDC-42A3-9474-1A3956D46DE8}") = "Com.Prerit.Web namespace", "Com.Prerit.Web namespace", "{F107BE01-4C79-478E-9339-BF8D7FF10AC7}"
EndProject
Project("{2150E333-8FDC-42A3-9474-1A3956D46DE8}") = "Com.Prerit.Web.UI namespace", "Com.Prerit.Web.UI namespace", "{11696AB3-9C27-40E7-BB3B-50FD20287984}"
EndProject
Project("{2150E333-8FDC-42A3-9474-1A3956D46DE8}") = "Com.Prerit.Configuration namespace", "Com.Prerit.Configuration namespace", "{108763BC-1705-4467-BC6E-95D1FAC52118}"
EndProject
Project("{FAE04EC0-301F-11D3-BF4B-00C04F79EFBC}") = "Com.Prerit.Configuration", "Com.Prerit.Configuration\Com.Prerit.Configuration.csproj", "{DB1BA67E-A160-416A-8FA9-1057E2FB2C13}"
EndProject
Project("{2150E333-8FDC-42A3-9474-1A3956D46DE8}") = "Com.Prerit.Core namespace", "Com.Prerit.Core namespace", "{46ED0BCE-5F8D-4D0C-88DC-157208D4DE1F}"
EndProject
Project("{FAE04EC0-301F-11D3-BF4B-00C04F79EFBC}") = "Com.Prerit.Core", "Com.Prerit.Core\Com.Prerit.Core.csproj", "{CE05BC84-482F-402F-A967-65859255C83C}"
EndProject
Project("{2150E333-8FDC-42A3-9474-1A3956D46DE8}") = "Com.Prerit.Domain namespace", "Com.Prerit.Domain namespace", "{50BC9F87-8409-46B8-9DD8-18BB23557093}"
EndProject
Project("{FAE04EC0-301F-11D3-BF4B-00C04F79EFBC}") = "Com.Prerit.Domain", "Com.Prerit.Domain\Com.Prerit.Domain.csproj", "{E572A14A-F02D-43DB-88D3-AB13B797999C}"
EndProject
Project("{2150E333-8FDC-42A3-9474-1A3956D46DE8}") = "Com.Prerit.Services namespace", "Com.Prerit.Services namespace", "{21020C67-CAF3-444B-A161-F0F755A97F81}"
EndProject
Project("{FAE04EC0-301F-11D3-BF4B-00C04F79EFBC}") = "Com.Prerit.Services", "Com.Prerit.Services\Com.Prerit.Services.csproj", "{06EB5132-B7EC-42AE-9F82-6C50FE535A0A}"
EndProject
Project("{FAE04EC0-301F-11D3-BF4B-00C04F79EFBC}") = "Com.Prerit.Web.UI", "Com.Prerit.Web.UI\Com.Prerit.Web.UI.csproj", "{FD83A986-AAC3-4611-9F8C-97182B914984}"
EndProject
Project("{2CFEAB61-6A3B-4EB8-B523-560B4BEEF521}") = "Com.Prerit.Web.UI.Deployment", "Com.Prerit.Web.UI.Deployment\Com.Prerit.Web.UI.Deployment.wdproj", "{D842BE54-8500-486D-8FFE-3B561F1E6900}"
EndProject
Project("{2150E333-8FDC-42A3-9474-1A3956D46DE8}") = "Com.Prerit.Web.UI.Legacy namespace", "Com.Prerit.Web.UI.Legacy namespace", "{6E3AC4D2-95BA-4646-8D27-F4B2E51D6120}"
EndProject
Project("{E24C65DC-7377-472B-9ABA-BC803B73C61A}") = "Com.Prerit.Web.UI.Legacy", "Com.Prerit.Web.UI.Legacy\", "{AE60E2CF-67C2-44E8-B9A2-07CE9B3DEC88}"
	ProjectSection(WebsiteProperties) = preProject
		TargetFramework = "3.5"
		Debug.AspNetCompiler.VirtualPath = "/Com.Prerit.Web.UI.Legacy"
		Debug.AspNetCompiler.PhysicalPath = "Com.Prerit.Web.UI.Legacy\"
		Debug.AspNetCompiler.TargetPath = "PrecompiledWeb\Com.Prerit.Web.UI.Legacy\"
		Debug.AspNetCompiler.Updateable = "true"
		Debug.AspNetCompiler.ForceOverwrite = "true"
		Debug.AspNetCompiler.FixedNames = "false"
		Debug.AspNetCompiler.Debug = "True"
		Release.AspNetCompiler.VirtualPath = "/Com.Prerit.Web.UI.Legacy"
		Release.AspNetCompiler.PhysicalPath = "Com.Prerit.Web.UI.Legacy\"
		Release.AspNetCompiler.TargetPath = "PrecompiledWeb\Com.Prerit.Web.UI.Legacy\"
		Release.AspNetCompiler.Updateable = "true"
		Release.AspNetCompiler.ForceOverwrite = "true"
		Release.AspNetCompiler.FixedNames = "false"
		Release.AspNetCompiler.Debug = "False"
		VWDPort = "62601"
	EndProjectSection
EndProject
Project("{2CFEAB61-6A3B-4EB8-B523-560B4BEEF521}") = "Com.Prerit.Web.UI.Legacy.Deployment", "Com.Prerit.Web.UI.Legacy.Deployment\Com.Prerit.Web.UI.Legacy.Deployment.wdproj", "{73FA63D9-AE71-4879-B785-4F28DDEFFA23}"
EndProject
Global
	GlobalSection(SolutionConfigurationPlatforms) = preSolution
		Debug|.NET = Debug|.NET
		Debug|Any CPU = Debug|Any CPU
		Debug|Mixed Platforms = Debug|Mixed Platforms
		Release|.NET = Release|.NET
		Release|Any CPU = Release|Any CPU
		Release|Mixed Platforms = Release|Mixed Platforms
	EndGlobalSection
	GlobalSection(ProjectConfigurationPlatforms) = postSolution
		{6E00A3AB-6238-47E6-8765-707327A7B4EA}.Debug|.NET.ActiveCfg = Debug|Any CPU
		{6E00A3AB-6238-47E6-8765-707327A7B4EA}.Debug|Any CPU.ActiveCfg = Debug|Any CPU
		{6E00A3AB-6238-47E6-8765-707327A7B4EA}.Debug|Any CPU.Build.0 = Debug|Any CPU
		{6E00A3AB-6238-47E6-8765-707327A7B4EA}.Debug|Mixed Platforms.ActiveCfg = Debug|Any CPU
		{6E00A3AB-6238-47E6-8765-707327A7B4EA}.Debug|Mixed Platforms.Build.0 = Debug|Any CPU
		{6E00A3AB-6238-47E6-8765-707327A7B4EA}.Release|.NET.ActiveCfg = Release|Any CPU
		{6E00A3AB-6238-47E6-8765-707327A7B4EA}.Release|Any CPU.ActiveCfg = Release|Any CPU
		{6E00A3AB-6238-47E6-8765-707327A7B4EA}.Release|Any CPU.Build.0 = Release|Any CPU
		{6E00A3AB-6238-47E6-8765-707327A7B4EA}.Release|Mixed Platforms.ActiveCfg = Release|Any CPU
		{6E00A3AB-6238-47E6-8765-707327A7B4EA}.Release|Mixed Platforms.Build.0 = Release|Any CPU
		{DB1BA67E-A160-416A-8FA9-1057E2FB2C13}.Debug|.NET.ActiveCfg = Debug|Any CPU
		{DB1BA67E-A160-416A-8FA9-1057E2FB2C13}.Debug|Any CPU.ActiveCfg = Debug|Any CPU
		{DB1BA67E-A160-416A-8FA9-1057E2FB2C13}.Debug|Any CPU.Build.0 = Debug|Any CPU
		{DB1BA67E-A160-416A-8FA9-1057E2FB2C13}.Debug|Mixed Platforms.ActiveCfg = Debug|Any CPU
		{DB1BA67E-A160-416A-8FA9-1057E2FB2C13}.Debug|Mixed Platforms.Build.0 = Debug|Any CPU
		{DB1BA67E-A160-416A-8FA9-1057E2FB2C13}.Release|.NET.ActiveCfg = Release|Any CPU
		{DB1BA67E-A160-416A-8FA9-1057E2FB2C13}.Release|Any CPU.ActiveCfg = Release|Any CPU
		{DB1BA67E-A160-416A-8FA9-1057E2FB2C13}.Release|Any CPU.Build.0 = Release|Any CPU
		{DB1BA67E-A160-416A-8FA9-1057E2FB2C13}.Release|Mixed Platforms.ActiveCfg = Release|Any CPU
		{DB1BA67E-A160-416A-8FA9-1057E2FB2C13}.Release|Mixed Platforms.Build.0 = Release|Any CPU
		{CE05BC84-482F-402F-A967-65859255C83C}.Debug|.NET.ActiveCfg = Debug|Any CPU
		{CE05BC84-482F-402F-A967-65859255C83C}.Debug|Any CPU.ActiveCfg = Debug|Any CPU
		{CE05BC84-482F-402F-A967-65859255C83C}.Debug|Any CPU.Build.0 = Debug|Any CPU
		{CE05BC84-482F-402F-A967-65859255C83C}.Debug|Mixed Platforms.ActiveCfg = Debug|Any CPU
		{CE05BC84-482F-402F-A967-65859255C83C}.Debug|Mixed Platforms.Build.0 = Debug|Any CPU
		{CE05BC84-482F-402F-A967-65859255C83C}.Release|.NET.ActiveCfg = Release|Any CPU
		{CE05BC84-482F-402F-A967-65859255C83C}.Release|Any CPU.ActiveCfg = Release|Any CPU
		{CE05BC84-482F-402F-A967-65859255C83C}.Release|Any CPU.Build.0 = Release|Any CPU
		{CE05BC84-482F-402F-A967-65859255C83C}.Release|Mixed Platforms.ActiveCfg = Release|Any CPU
		{CE05BC84-482F-402F-A967-65859255C83C}.Release|Mixed Platforms.Build.0 = Release|Any CPU
		{E572A14A-F02D-43DB-88D3-AB13B797999C}.Debug|.NET.ActiveCfg = Debug|Any CPU
		{E572A14A-F02D-43DB-88D3-AB13B797999C}.Debug|Any CPU.ActiveCfg = Debug|Any CPU
		{E572A14A-F02D-43DB-88D3-AB13B797999C}.Debug|Any CPU.Build.0 = Debug|Any CPU
		{E572A14A-F02D-43DB-88D3-AB13B797999C}.Debug|Mixed Platforms.ActiveCfg = Debug|Any CPU
		{E572A14A-F02D-43DB-88D3-AB13B797999C}.Debug|Mixed Platforms.Build.0 = Debug|Any CPU
		{E572A14A-F02D-43DB-88D3-AB13B797999C}.Release|.NET.ActiveCfg = Release|Any CPU
		{E572A14A-F02D-43DB-88D3-AB13B797999C}.Release|Any CPU.ActiveCfg = Release|Any CPU
		{E572A14A-F02D-43DB-88D3-AB13B797999C}.Release|Any CPU.Build.0 = Release|Any CPU
		{E572A14A-F02D-43DB-88D3-AB13B797999C}.Release|Mixed Platforms.ActiveCfg = Release|Any CPU
		{E572A14A-F02D-43DB-88D3-AB13B797999C}.Release|Mixed Platforms.Build.0 = Release|Any CPU
		{06EB5132-B7EC-42AE-9F82-6C50FE535A0A}.Debug|.NET.ActiveCfg = Debug|Any CPU
		{06EB5132-B7EC-42AE-9F82-6C50FE535A0A}.Debug|Any CPU.ActiveCfg = Debug|Any CPU
		{06EB5132-B7EC-42AE-9F82-6C50FE535A0A}.Debug|Any CPU.Build.0 = Debug|Any CPU
		{06EB5132-B7EC-42AE-9F82-6C50FE535A0A}.Debug|Mixed Platforms.ActiveCfg = Debug|Any CPU
		{06EB5132-B7EC-42AE-9F82-6C50FE535A0A}.Debug|Mixed Platforms.Build.0 = Debug|Any CPU
		{06EB5132-B7EC-42AE-9F82-6C50FE535A0A}.Release|.NET.ActiveCfg = Release|Any CPU
		{06EB5132-B7EC-42AE-9F82-6C50FE535A0A}.Release|Any CPU.ActiveCfg = Release|Any CPU
		{06EB5132-B7EC-42AE-9F82-6C50FE535A0A}.Release|Any CPU.Build.0 = Release|Any CPU
		{06EB5132-B7EC-42AE-9F82-6C50FE535A0A}.Release|Mixed Platforms.ActiveCfg = Release|Any CPU
		{06EB5132-B7EC-42AE-9F82-6C50FE535A0A}.Release|Mixed Platforms.Build.0 = Release|Any CPU
		{FD83A986-AAC3-4611-9F8C-97182B914984}.Debug|.NET.ActiveCfg = Debug|Any CPU
		{FD83A986-AAC3-4611-9F8C-97182B914984}.Debug|Any CPU.ActiveCfg = Debug|Any CPU
		{FD83A986-AAC3-4611-9F8C-97182B914984}.Debug|Any CPU.Build.0 = Debug|Any CPU
		{FD83A986-AAC3-4611-9F8C-97182B914984}.Debug|Mixed Platforms.ActiveCfg = Debug|Any CPU
		{FD83A986-AAC3-4611-9F8C-97182B914984}.Debug|Mixed Platforms.Build.0 = Debug|Any CPU
		{FD83A986-AAC3-4611-9F8C-97182B914984}.Release|.NET.ActiveCfg = Release|Any CPU
		{FD83A986-AAC3-4611-9F8C-97182B914984}.Release|Any CPU.ActiveCfg = Release|Any CPU
		{FD83A986-AAC3-4611-9F8C-97182B914984}.Release|Any CPU.Build.0 = Release|Any CPU
		{FD83A986-AAC3-4611-9F8C-97182B914984}.Release|Mixed Platforms.ActiveCfg = Release|Any CPU
		{FD83A986-AAC3-4611-9F8C-97182B914984}.Release|Mixed Platforms.Build.0 = Release|Any CPU
		{D842BE54-8500-486D-8FFE-3B561F1E6900}.Debug|.NET.ActiveCfg = Debug|Any CPU
		{D842BE54-8500-486D-8FFE-3B561F1E6900}.Debug|Any CPU.ActiveCfg = Debug|Any CPU
		{D842BE54-8500-486D-8FFE-3B561F1E6900}.Debug|Any CPU.Build.0 = Debug|Any CPU
		{D842BE54-8500-486D-8FFE-3B561F1E6900}.Debug|Mixed Platforms.ActiveCfg = Debug|Any CPU
		{D842BE54-8500-486D-8FFE-3B561F1E6900}.Release|.NET.ActiveCfg = Release|Any CPU
		{D842BE54-8500-486D-8FFE-3B561F1E6900}.Release|Any CPU.ActiveCfg = Release|Any CPU
		{D842BE54-8500-486D-8FFE-3B561F1E6900}.Release|Any CPU.Build.0 = Release|Any CPU
		{D842BE54-8500-486D-8FFE-3B561F1E6900}.Release|Mixed Platforms.ActiveCfg = Release|Any CPU
		{AE60E2CF-67C2-44E8-B9A2-07CE9B3DEC88}.Debug|.NET.ActiveCfg = Debug|Any CPU
		{AE60E2CF-67C2-44E8-B9A2-07CE9B3DEC88}.Debug|Any CPU.ActiveCfg = Debug|Any CPU
		{AE60E2CF-67C2-44E8-B9A2-07CE9B3DEC88}.Debug|Any CPU.Build.0 = Debug|Any CPU
		{AE60E2CF-67C2-44E8-B9A2-07CE9B3DEC88}.Debug|Mixed Platforms.ActiveCfg = Debug|Any CPU
		{AE60E2CF-67C2-44E8-B9A2-07CE9B3DEC88}.Release|.NET.ActiveCfg = Debug|Any CPU
		{AE60E2CF-67C2-44E8-B9A2-07CE9B3DEC88}.Release|Any CPU.ActiveCfg = Debug|Any CPU
		{AE60E2CF-67C2-44E8-B9A2-07CE9B3DEC88}.Release|Any CPU.Build.0 = Debug|Any CPU
		{AE60E2CF-67C2-44E8-B9A2-07CE9B3DEC88}.Release|Mixed Platforms.ActiveCfg = Debug|Any CPU
		{73FA63D9-AE71-4879-B785-4F28DDEFFA23}.Debug|.NET.ActiveCfg = Debug|Any CPU
		{73FA63D9-AE71-4879-B785-4F28DDEFFA23}.Debug|Any CPU.ActiveCfg = Debug|Any CPU
		{73FA63D9-AE71-4879-B785-4F28DDEFFA23}.Debug|Any CPU.Build.0 = Debug|Any CPU
		{73FA63D9-AE71-4879-B785-4F28DDEFFA23}.Debug|Mixed Platforms.ActiveCfg = Debug|Any CPU
		{73FA63D9-AE71-4879-B785-4F28DDEFFA23}.Release|.NET.ActiveCfg = Release|Any CPU
		{73FA63D9-AE71-4879-B785-4F28DDEFFA23}.Release|Any CPU.ActiveCfg = Release|Any CPU
		{73FA63D9-AE71-4879-B785-4F28DDEFFA23}.Release|Any CPU.Build.0 = Release|Any CPU
		{73FA63D9-AE71-4879-B785-4F28DDEFFA23}.Release|Mixed Platforms.ActiveCfg = Release|Any CPU
	EndGlobalSection
	GlobalSection(SolutionProperties) = preSolution
		HideSolutionNode = FALSE
	EndGlobalSection
	GlobalSection(NestedProjects) = preSolution
		{6E00A3AB-6238-47E6-8765-707327A7B4EA} = {F107BE01-4C79-478E-9339-BF8D7FF10AC7}
		{FD83A986-AAC3-4611-9F8C-97182B914984} = {11696AB3-9C27-40E7-BB3B-50FD20287984}
		{D842BE54-8500-486D-8FFE-3B561F1E6900} = {11696AB3-9C27-40E7-BB3B-50FD20287984}
		{DB1BA67E-A160-416A-8FA9-1057E2FB2C13} = {108763BC-1705-4467-BC6E-95D1FAC52118}
		{CE05BC84-482F-402F-A967-65859255C83C} = {46ED0BCE-5F8D-4D0C-88DC-157208D4DE1F}
		{E572A14A-F02D-43DB-88D3-AB13B797999C} = {50BC9F87-8409-46B8-9DD8-18BB23557093}
		{06EB5132-B7EC-42AE-9F82-6C50FE535A0A} = {21020C67-CAF3-444B-A161-F0F755A97F81}
		{AE60E2CF-67C2-44E8-B9A2-07CE9B3DEC88} = {6E3AC4D2-95BA-4646-8D27-F4B2E51D6120}
		{73FA63D9-AE71-4879-B785-4F28DDEFFA23} = {6E3AC4D2-95BA-4646-8D27-F4B2E51D6120}
	EndGlobalSection
EndGlobal
