
Microsoft Visual Studio Solution File, Format Version 10.00
# Visual Studio 2008
Project("{FAE04EC0-301F-11D3-BF4B-00C04F79EFBC}") = "Com.Prerit.Web", "Com.Prerit.Web\Com.Prerit.Web.csproj", "{6E00A3AB-6238-47E6-8765-707327A7B4EA}"
EndProject
Project("{2150E333-8FDC-42A3-9474-1A3956D46DE8}") = "Com.Prerit.Web namespace", "Com.Prerit.Web namespace", "{F107BE01-4C79-478E-9339-BF8D7FF10AC7}"
EndProject
Project("{2150E333-8FDC-42A3-9474-1A3956D46DE8}") = "Com.Prerit.Web.UI namespace", "Com.Prerit.Web.UI namespace", "{11696AB3-9C27-40E7-BB3B-50FD20287984}"
EndProject
Project("{2150E333-8FDC-42A3-9474-1A3956D46DE8}") = "Com.Prerit.Core namespace", "Com.Prerit.Core namespace", "{46ED0BCE-5F8D-4D0C-88DC-157208D4DE1F}"
EndProject
Project("{FAE04EC0-301F-11D3-BF4B-00C04F79EFBC}") = "Com.Prerit.Core", "Com.Prerit.Core\Com.Prerit.Core.csproj", "{CE05BC84-482F-402F-A967-65859255C83C}"
EndProject
Project("{2150E333-8FDC-42A3-9474-1A3956D46DE8}") = "Com.Prerit.Domain namespace", "Com.Prerit.Domain namespace", "{50BC9F87-8409-46B8-9DD8-18BB23557093}"
EndProject
Project("{FAE04EC0-301F-11D3-BF4B-00C04F79EFBC}") = "Com.Prerit.Domain", "Com.Prerit.Domain\Com.Prerit.Domain.csproj", "{E572A14A-F02D-43DB-88D3-AB13B797999C}"
EndProject
Project("{2150E333-8FDC-42A3-9474-1A3956D46DE8}") = "Com.Prerit.Services namespace", "Com.Prerit.Services namespace", "{21020C67-CAF3-444B-A161-F0F755A97F81}"
EndProject
Project("{FAE04EC0-301F-11D3-BF4B-00C04F79EFBC}") = "Com.Prerit.Services", "Com.Prerit.Services\Com.Prerit.Services.csproj", "{06EB5132-B7EC-42AE-9F82-6C50FE535A0A}"
EndProject
Project("{FAE04EC0-301F-11D3-BF4B-00C04F79EFBC}") = "Com.Prerit.Web.UI", "Com.Prerit.Web.UI\Com.Prerit.Web.UI.csproj", "{FD83A986-AAC3-4611-9F8C-97182B914984}"
EndProject
Project("{2CFEAB61-6A3B-4EB8-B523-560B4BEEF521}") = "Com.Prerit.Web.UI.Deployment", "Com.Prerit.Web.UI.Deployment\Com.Prerit.Web.UI.Deployment.wdproj", "{D842BE54-8500-486D-8FFE-3B561F1E6900}"
EndProject
Project("{FAE04EC0-301F-11D3-BF4B-00C04F79EFBC}") = "Com.Prerit.Core.Tests", "Com.Prerit.Core.Tests\Com.Prerit.Core.Tests.csproj", "{16F62B20-078A-4321-8730-6F59A564707D}"
EndProject
Project("{FAE04EC0-301F-11D3-BF4B-00C04F79EFBC}") = "Com.Prerit.Services.Tests", "Com.Prerit.Services.Tests\Com.Prerit.Services.Tests.csproj", "{5E23E082-AD5C-454F-8476-6BC26891E8C2}"
EndProject
Project("{FAE04EC0-301F-11D3-BF4B-00C04F79EFBC}") = "Com.Prerit.Web.Tests", "Com.Prerit.Web.Tests\Com.Prerit.Web.Tests.csproj", "{835BA2DA-0A8E-4F26-83E5-0B2E41C7C726}"
EndProject
Project("{FAE04EC0-301F-11D3-BF4B-00C04F79EFBC}") = "Com.Prerit.Domain.Tests", "Com.Prerit.Domain.Tests\Com.Prerit.Domain.Tests.csproj", "{5F71AB54-2936-4486-97B2-E5444A6F4B88}"
EndProject
Project("{2150E333-8FDC-42A3-9474-1A3956D46DE8}") = "Com.Prerit namespace", "Com.Prerit namespace", "{1C20A138-09F9-46FF-90CE-C853E625506F}"
EndProject
Project("{FAE04EC0-301F-11D3-BF4B-00C04F79EFBC}") = "Com.Prerit", "Com.Prerit\Com.Prerit.csproj", "{5C489AF6-F5A5-491C-B6FC-D74CBB0B332C}"
EndProject
Project("{2CFEAB61-6A3B-4EB8-B523-560B4BEEF521}") = "Com.Prerit.Deployment", "Com.Prerit.Deployment\Com.Prerit.Deployment.wdproj", "{FA8B432A-B216-488A-805F-AA447BDC01E6}"
EndProject
Project("{FAE04EC0-301F-11D3-BF4B-00C04F79EFBC}") = "Com.Prerit.Tests", "Com.Prerit.Tests\Com.Prerit.Tests.csproj", "{50A3ABF7-FE59-4933-9078-CDFF540147E1}"
EndProject
Global
	GlobalSection(SolutionConfigurationPlatforms) = preSolution
		Debug|.NET = Debug|.NET
		Debug|Any CPU = Debug|Any CPU
		Debug|Mixed Platforms = Debug|Mixed Platforms
		Release|.NET = Release|.NET
		Release|Any CPU = Release|Any CPU
		Release|Mixed Platforms = Release|Mixed Platforms
	EndGlobalSection
	GlobalSection(ProjectConfigurationPlatforms) = postSolution
		{6E00A3AB-6238-47E6-8765-707327A7B4EA}.Debug|.NET.ActiveCfg = Debug|Any CPU
		{6E00A3AB-6238-47E6-8765-707327A7B4EA}.Debug|Any CPU.ActiveCfg = Debug|Any CPU
		{6E00A3AB-6238-47E6-8765-707327A7B4EA}.Debug|Any CPU.Build.0 = Debug|Any CPU
		{6E00A3AB-6238-47E6-8765-707327A7B4EA}.Debug|Mixed Platforms.ActiveCfg = Debug|Any CPU
		{6E00A3AB-6238-47E6-8765-707327A7B4EA}.Debug|Mixed Platforms.Build.0 = Debug|Any CPU
		{6E00A3AB-6238-47E6-8765-707327A7B4EA}.Release|.NET.ActiveCfg = Release|Any CPU
		{6E00A3AB-6238-47E6-8765-707327A7B4EA}.Release|Any CPU.ActiveCfg = Release|Any CPU
		{6E00A3AB-6238-47E6-8765-707327A7B4EA}.Release|Any CPU.Build.0 = Release|Any CPU
		{6E00A3AB-6238-47E6-8765-707327A7B4EA}.Release|Mixed Platforms.ActiveCfg = Release|Any CPU
		{6E00A3AB-6238-47E6-8765-707327A7B4EA}.Release|Mixed Platforms.Build.0 = Release|Any CPU
		{CE05BC84-482F-402F-A967-65859255C83C}.Debug|.NET.ActiveCfg = Debug|Any CPU
		{CE05BC84-482F-402F-A967-65859255C83C}.Debug|Any CPU.ActiveCfg = Debug|Any CPU
		{CE05BC84-482F-402F-A967-65859255C83C}.Debug|Any CPU.Build.0 = Debug|Any CPU
		{CE05BC84-482F-402F-A967-65859255C83C}.Debug|Mixed Platforms.ActiveCfg = Debug|Any CPU
		{CE05BC84-482F-402F-A967-65859255C83C}.Debug|Mixed Platforms.Build.0 = Debug|Any CPU
		{CE05BC84-482F-402F-A967-65859255C83C}.Release|.NET.ActiveCfg = Release|Any CPU
		{CE05BC84-482F-402F-A967-65859255C83C}.Release|Any CPU.ActiveCfg = Release|Any CPU
		{CE05BC84-482F-402F-A967-65859255C83C}.Release|Any CPU.Build.0 = Release|Any CPU
		{CE05BC84-482F-402F-A967-65859255C83C}.Release|Mixed Platforms.ActiveCfg = Release|Any CPU
		{CE05BC84-482F-402F-A967-65859255C83C}.Release|Mixed Platforms.Build.0 = Release|Any CPU
		{E572A14A-F02D-43DB-88D3-AB13B797999C}.Debug|.NET.ActiveCfg = Debug|Any CPU
		{E572A14A-F02D-43DB-88D3-AB13B797999C}.Debug|Any CPU.ActiveCfg = Debug|Any CPU
		{E572A14A-F02D-43DB-88D3-AB13B797999C}.Debug|Any CPU.Build.0 = Debug|Any CPU
		{E572A14A-F02D-43DB-88D3-AB13B797999C}.Debug|Mixed Platforms.ActiveCfg = Debug|Any CPU
		{E572A14A-F02D-43DB-88D3-AB13B797999C}.Debug|Mixed Platforms.Build.0 = Debug|Any CPU
		{E572A14A-F02D-43DB-88D3-AB13B797999C}.Release|.NET.ActiveCfg = Release|Any CPU
		{E572A14A-F02D-43DB-88D3-AB13B797999C}.Release|Any CPU.ActiveCfg = Release|Any CPU
		{E572A14A-F02D-43DB-88D3-AB13B797999C}.Release|Any CPU.Build.0 = Release|Any CPU
		{E572A14A-F02D-43DB-88D3-AB13B797999C}.Release|Mixed Platforms.ActiveCfg = Release|Any CPU
		{E572A14A-F02D-43DB-88D3-AB13B797999C}.Release|Mixed Platforms.Build.0 = Release|Any CPU
		{06EB5132-B7EC-42AE-9F82-6C50FE535A0A}.Debug|.NET.ActiveCfg = Debug|Any CPU
		{06EB5132-B7EC-42AE-9F82-6C50FE535A0A}.Debug|Any CPU.ActiveCfg = Debug|Any CPU
		{06EB5132-B7EC-42AE-9F82-6C50FE535A0A}.Debug|Any CPU.Build.0 = Debug|Any CPU
		{06EB5132-B7EC-42AE-9F82-6C50FE535A0A}.Debug|Mixed Platforms.ActiveCfg = Debug|Any CPU
		{06EB5132-B7EC-42AE-9F82-6C50FE535A0A}.Debug|Mixed Platforms.Build.0 = Debug|Any CPU
		{06EB5132-B7EC-42AE-9F82-6C50FE535A0A}.Release|.NET.ActiveCfg = Release|Any CPU
		{06EB5132-B7EC-42AE-9F82-6C50FE535A0A}.Release|Any CPU.ActiveCfg = Release|Any CPU
		{06EB5132-B7EC-42AE-9F82-6C50FE535A0A}.Release|Any CPU.Build.0 = Release|Any CPU
		{06EB5132-B7EC-42AE-9F82-6C50FE535A0A}.Release|Mixed Platforms.ActiveCfg = Release|Any CPU
		{06EB5132-B7EC-42AE-9F82-6C50FE535A0A}.Release|Mixed Platforms.Build.0 = Release|Any CPU
		{FD83A986-AAC3-4611-9F8C-97182B914984}.Debug|.NET.ActiveCfg = Debug|Any CPU
		{FD83A986-AAC3-4611-9F8C-97182B914984}.Debug|Any CPU.ActiveCfg = Debug|Any CPU
		{FD83A986-AAC3-4611-9F8C-97182B914984}.Debug|Any CPU.Build.0 = Debug|Any CPU
		{FD83A986-AAC3-4611-9F8C-97182B914984}.Debug|Mixed Platforms.ActiveCfg = Debug|Any CPU
		{FD83A986-AAC3-4611-9F8C-97182B914984}.Debug|Mixed Platforms.Build.0 = Debug|Any CPU
		{FD83A986-AAC3-4611-9F8C-97182B914984}.Release|.NET.ActiveCfg = Release|Any CPU
		{FD83A986-AAC3-4611-9F8C-97182B914984}.Release|Any CPU.ActiveCfg = Release|Any CPU
		{FD83A986-AAC3-4611-9F8C-97182B914984}.Release|Any CPU.Build.0 = Release|Any CPU
		{FD83A986-AAC3-4611-9F8C-97182B914984}.Release|Mixed Platforms.ActiveCfg = Release|Any CPU
		{FD83A986-AAC3-4611-9F8C-97182B914984}.Release|Mixed Platforms.Build.0 = Release|Any CPU
		{D842BE54-8500-486D-8FFE-3B561F1E6900}.Debug|.NET.ActiveCfg = Debug|Any CPU
		{D842BE54-8500-486D-8FFE-3B561F1E6900}.Debug|Any CPU.ActiveCfg = Debug|Any CPU
		{D842BE54-8500-486D-8FFE-3B561F1E6900}.Debug|Any CPU.Build.0 = Debug|Any CPU
		{D842BE54-8500-486D-8FFE-3B561F1E6900}.Debug|Mixed Platforms.ActiveCfg = Debug|Any CPU
		{D842BE54-8500-486D-8FFE-3B561F1E6900}.Release|.NET.ActiveCfg = Release|Any CPU
		{D842BE54-8500-486D-8FFE-3B561F1E6900}.Release|Any CPU.ActiveCfg = Release|Any CPU
		{D842BE54-8500-486D-8FFE-3B561F1E6900}.Release|Any CPU.Build.0 = Release|Any CPU
		{D842BE54-8500-486D-8FFE-3B561F1E6900}.Release|Mixed Platforms.ActiveCfg = Release|Any CPU
		{16F62B20-078A-4321-8730-6F59A564707D}.Debug|.NET.ActiveCfg = Debug|Any CPU
		{16F62B20-078A-4321-8730-6F59A564707D}.Debug|Any CPU.ActiveCfg = Debug|Any CPU
		{16F62B20-078A-4321-8730-6F59A564707D}.Debug|Any CPU.Build.0 = Debug|Any CPU
		{16F62B20-078A-4321-8730-6F59A564707D}.Debug|Mixed Platforms.ActiveCfg = Debug|Any CPU
		{16F62B20-078A-4321-8730-6F59A564707D}.Debug|Mixed Platforms.Build.0 = Debug|Any CPU
		{16F62B20-078A-4321-8730-6F59A564707D}.Release|.NET.ActiveCfg = Release|Any CPU
		{16F62B20-078A-4321-8730-6F59A564707D}.Release|Any CPU.ActiveCfg = Release|Any CPU
		{16F62B20-078A-4321-8730-6F59A564707D}.Release|Any CPU.Build.0 = Release|Any CPU
		{16F62B20-078A-4321-8730-6F59A564707D}.Release|Mixed Platforms.ActiveCfg = Release|Any CPU
		{16F62B20-078A-4321-8730-6F59A564707D}.Release|Mixed Platforms.Build.0 = Release|Any CPU
		{5E23E082-AD5C-454F-8476-6BC26891E8C2}.Debug|.NET.ActiveCfg = Debug|Any CPU
		{5E23E082-AD5C-454F-8476-6BC26891E8C2}.Debug|Any CPU.ActiveCfg = Debug|Any CPU
		{5E23E082-AD5C-454F-8476-6BC26891E8C2}.Debug|Any CPU.Build.0 = Debug|Any CPU
		{5E23E082-AD5C-454F-8476-6BC26891E8C2}.Debug|Mixed Platforms.ActiveCfg = Debug|Any CPU
		{5E23E082-AD5C-454F-8476-6BC26891E8C2}.Debug|Mixed Platforms.Build.0 = Debug|Any CPU
		{5E23E082-AD5C-454F-8476-6BC26891E8C2}.Release|.NET.ActiveCfg = Release|Any CPU
		{5E23E082-AD5C-454F-8476-6BC26891E8C2}.Release|Any CPU.ActiveCfg = Release|Any CPU
		{5E23E082-AD5C-454F-8476-6BC26891E8C2}.Release|Any CPU.Build.0 = Release|Any CPU
		{5E23E082-AD5C-454F-8476-6BC26891E8C2}.Release|Mixed Platforms.ActiveCfg = Release|Any CPU
		{5E23E082-AD5C-454F-8476-6BC26891E8C2}.Release|Mixed Platforms.Build.0 = Release|Any CPU
		{835BA2DA-0A8E-4F26-83E5-0B2E41C7C726}.Debug|.NET.ActiveCfg = Debug|Any CPU
		{835BA2DA-0A8E-4F26-83E5-0B2E41C7C726}.Debug|Any CPU.ActiveCfg = Debug|Any CPU
		{835BA2DA-0A8E-4F26-83E5-0B2E41C7C726}.Debug|Any CPU.Build.0 = Debug|Any CPU
		{835BA2DA-0A8E-4F26-83E5-0B2E41C7C726}.Debug|Mixed Platforms.ActiveCfg = Debug|Any CPU
		{835BA2DA-0A8E-4F26-83E5-0B2E41C7C726}.Debug|Mixed Platforms.Build.0 = Debug|Any CPU
		{835BA2DA-0A8E-4F26-83E5-0B2E41C7C726}.Release|.NET.ActiveCfg = Release|Any CPU
		{835BA2DA-0A8E-4F26-83E5-0B2E41C7C726}.Release|Any CPU.ActiveCfg = Release|Any CPU
		{835BA2DA-0A8E-4F26-83E5-0B2E41C7C726}.Release|Any CPU.Build.0 = Release|Any CPU
		{835BA2DA-0A8E-4F26-83E5-0B2E41C7C726}.Release|Mixed Platforms.ActiveCfg = Release|Any CPU
		{835BA2DA-0A8E-4F26-83E5-0B2E41C7C726}.Release|Mixed Platforms.Build.0 = Release|Any CPU
		{5F71AB54-2936-4486-97B2-E5444A6F4B88}.Debug|.NET.ActiveCfg = Debug|Any CPU
		{5F71AB54-2936-4486-97B2-E5444A6F4B88}.Debug|Any CPU.ActiveCfg = Debug|Any CPU
		{5F71AB54-2936-4486-97B2-E5444A6F4B88}.Debug|Any CPU.Build.0 = Debug|Any CPU
		{5F71AB54-2936-4486-97B2-E5444A6F4B88}.Debug|Mixed Platforms.ActiveCfg = Debug|Any CPU
		{5F71AB54-2936-4486-97B2-E5444A6F4B88}.Debug|Mixed Platforms.Build.0 = Debug|Any CPU
		{5F71AB54-2936-4486-97B2-E5444A6F4B88}.Release|.NET.ActiveCfg = Release|Any CPU
		{5F71AB54-2936-4486-97B2-E5444A6F4B88}.Release|Any CPU.ActiveCfg = Release|Any CPU
		{5F71AB54-2936-4486-97B2-E5444A6F4B88}.Release|Any CPU.Build.0 = Release|Any CPU
		{5F71AB54-2936-4486-97B2-E5444A6F4B88}.Release|Mixed Platforms.ActiveCfg = Release|Any CPU
		{5F71AB54-2936-4486-97B2-E5444A6F4B88}.Release|Mixed Platforms.Build.0 = Release|Any CPU
		{5C489AF6-F5A5-491C-B6FC-D74CBB0B332C}.Debug|.NET.ActiveCfg = Debug|Any CPU
		{5C489AF6-F5A5-491C-B6FC-D74CBB0B332C}.Debug|Any CPU.ActiveCfg = Debug|Any CPU
		{5C489AF6-F5A5-491C-B6FC-D74CBB0B332C}.Debug|Any CPU.Build.0 = Debug|Any CPU
		{5C489AF6-F5A5-491C-B6FC-D74CBB0B332C}.Debug|Mixed Platforms.ActiveCfg = Debug|Any CPU
		{5C489AF6-F5A5-491C-B6FC-D74CBB0B332C}.Debug|Mixed Platforms.Build.0 = Debug|Any CPU
		{5C489AF6-F5A5-491C-B6FC-D74CBB0B332C}.Release|.NET.ActiveCfg = Release|Any CPU
		{5C489AF6-F5A5-491C-B6FC-D74CBB0B332C}.Release|Any CPU.ActiveCfg = Release|Any CPU
		{5C489AF6-F5A5-491C-B6FC-D74CBB0B332C}.Release|Any CPU.Build.0 = Release|Any CPU
		{5C489AF6-F5A5-491C-B6FC-D74CBB0B332C}.Release|Mixed Platforms.ActiveCfg = Release|Any CPU
		{5C489AF6-F5A5-491C-B6FC-D74CBB0B332C}.Release|Mixed Platforms.Build.0 = Release|Any CPU
		{FA8B432A-B216-488A-805F-AA447BDC01E6}.Debug|.NET.ActiveCfg = Debug|Any CPU
		{FA8B432A-B216-488A-805F-AA447BDC01E6}.Debug|Any CPU.ActiveCfg = Debug|Any CPU
		{FA8B432A-B216-488A-805F-AA447BDC01E6}.Debug|Any CPU.Build.0 = Debug|Any CPU
		{FA8B432A-B216-488A-805F-AA447BDC01E6}.Debug|Mixed Platforms.ActiveCfg = Debug|Any CPU
		{FA8B432A-B216-488A-805F-AA447BDC01E6}.Debug|Mixed Platforms.Build.0 = Debug|Any CPU
		{FA8B432A-B216-488A-805F-AA447BDC01E6}.Release|.NET.ActiveCfg = Release|Any CPU
		{FA8B432A-B216-488A-805F-AA447BDC01E6}.Release|Any CPU.ActiveCfg = Release|Any CPU
		{FA8B432A-B216-488A-805F-AA447BDC01E6}.Release|Any CPU.Build.0 = Release|Any CPU
		{FA8B432A-B216-488A-805F-AA447BDC01E6}.Release|Mixed Platforms.ActiveCfg = Release|Any CPU
		{FA8B432A-B216-488A-805F-AA447BDC01E6}.Release|Mixed Platforms.Build.0 = Release|Any CPU
		{50A3ABF7-FE59-4933-9078-CDFF540147E1}.Debug|.NET.ActiveCfg = Debug|Any CPU
		{50A3ABF7-FE59-4933-9078-CDFF540147E1}.Debug|Any CPU.ActiveCfg = Debug|Any CPU
		{50A3ABF7-FE59-4933-9078-CDFF540147E1}.Debug|Any CPU.Build.0 = Debug|Any CPU
		{50A3ABF7-FE59-4933-9078-CDFF540147E1}.Debug|Mixed Platforms.ActiveCfg = Debug|Any CPU
		{50A3ABF7-FE59-4933-9078-CDFF540147E1}.Debug|Mixed Platforms.Build.0 = Debug|Any CPU
		{50A3ABF7-FE59-4933-9078-CDFF540147E1}.Release|.NET.ActiveCfg = Release|Any CPU
		{50A3ABF7-FE59-4933-9078-CDFF540147E1}.Release|Any CPU.ActiveCfg = Release|Any CPU
		{50A3ABF7-FE59-4933-9078-CDFF540147E1}.Release|Any CPU.Build.0 = Release|Any CPU
		{50A3ABF7-FE59-4933-9078-CDFF540147E1}.Release|Mixed Platforms.ActiveCfg = Release|Any CPU
		{50A3ABF7-FE59-4933-9078-CDFF540147E1}.Release|Mixed Platforms.Build.0 = Release|Any CPU
	EndGlobalSection
	GlobalSection(SolutionProperties) = preSolution
		HideSolutionNode = FALSE
	EndGlobalSection
	GlobalSection(NestedProjects) = preSolution
		{6E00A3AB-6238-47E6-8765-707327A7B4EA} = {F107BE01-4C79-478E-9339-BF8D7FF10AC7}
		{835BA2DA-0A8E-4F26-83E5-0B2E41C7C726} = {F107BE01-4C79-478E-9339-BF8D7FF10AC7}
		{FD83A986-AAC3-4611-9F8C-97182B914984} = {11696AB3-9C27-40E7-BB3B-50FD20287984}
		{D842BE54-8500-486D-8FFE-3B561F1E6900} = {11696AB3-9C27-40E7-BB3B-50FD20287984}
		{CE05BC84-482F-402F-A967-65859255C83C} = {46ED0BCE-5F8D-4D0C-88DC-157208D4DE1F}
		{16F62B20-078A-4321-8730-6F59A564707D} = {46ED0BCE-5F8D-4D0C-88DC-157208D4DE1F}
		{E572A14A-F02D-43DB-88D3-AB13B797999C} = {50BC9F87-8409-46B8-9DD8-18BB23557093}
		{5F71AB54-2936-4486-97B2-E5444A6F4B88} = {50BC9F87-8409-46B8-9DD8-18BB23557093}
		{06EB5132-B7EC-42AE-9F82-6C50FE535A0A} = {21020C67-CAF3-444B-A161-F0F755A97F81}
		{5E23E082-AD5C-454F-8476-6BC26891E8C2} = {21020C67-CAF3-444B-A161-F0F755A97F81}
		{5C489AF6-F5A5-491C-B6FC-D74CBB0B332C} = {1C20A138-09F9-46FF-90CE-C853E625506F}
		{FA8B432A-B216-488A-805F-AA447BDC01E6} = {1C20A138-09F9-46FF-90CE-C853E625506F}
		{50A3ABF7-FE59-4933-9078-CDFF540147E1} = {1C20A138-09F9-46FF-90CE-C853E625506F}
	EndGlobalSection
EndGlobal
